// !$*UTF8*$!
{
	archiveVersion = 1;
	classes = {
	};
	objectVersion = 46;
	objects = {

/* Begin PBXBuildFile section */
		26836760182F20A3000587A3 /* Foundation.framework in Frameworks */ = {isa = PBXBuildFile; fileRef = 2683675F182F20A3000587A3 /* Foundation.framework */; };
		26836762182F20A3000587A3 /* CoreGraphics.framework in Frameworks */ = {isa = PBXBuildFile; fileRef = 26836761182F20A3000587A3 /* CoreGraphics.framework */; };
		26836764182F20A3000587A3 /* UIKit.framework in Frameworks */ = {isa = PBXBuildFile; fileRef = 26836763182F20A3000587A3 /* UIKit.framework */; };
		2683676A182F20A3000587A3 /* InfoPlist.strings in Resources */ = {isa = PBXBuildFile; fileRef = 26836768182F20A3000587A3 /* InfoPlist.strings */; };
		2683676C182F20A3000587A3 /* main.m in Sources */ = {isa = PBXBuildFile; fileRef = 2683676B182F20A3000587A3 /* main.m */; };
		26836770182F20A3000587A3 /* AppDelegate.m in Sources */ = {isa = PBXBuildFile; fileRef = 2683676F182F20A3000587A3 /* AppDelegate.m */; };
		26836772182F20A3000587A3 /* Images.xcassets in Resources */ = {isa = PBXBuildFile; fileRef = 26836771182F20A3000587A3 /* Images.xcassets */; };
		26836779182F20A3000587A3 /* XCTest.framework in Frameworks */ = {isa = PBXBuildFile; fileRef = 26836778182F20A3000587A3 /* XCTest.framework */; };
		2683677A182F20A3000587A3 /* Foundation.framework in Frameworks */ = {isa = PBXBuildFile; fileRef = 2683675F182F20A3000587A3 /* Foundation.framework */; };
		2683677B182F20A3000587A3 /* UIKit.framework in Frameworks */ = {isa = PBXBuildFile; fileRef = 26836763182F20A3000587A3 /* UIKit.framework */; };
		26836783182F20A3000587A3 /* InfoPlist.strings in Resources */ = {isa = PBXBuildFile; fileRef = 26836781182F20A3000587A3 /* InfoPlist.strings */; };
		26836785182F20A3000587A3 /* QuizObjectiveCTests.m in Sources */ = {isa = PBXBuildFile; fileRef = 26836784182F20A3000587A3 /* QuizObjectiveCTests.m */; };
		26836794182F2BA4000587A3 /* MainViewController.m in Sources */ = {isa = PBXBuildFile; fileRef = 26836792182F2BA4000587A3 /* MainViewController.m */; };
		26836795182F2BA4000587A3 /* MainViewController.xib in Resources */ = {isa = PBXBuildFile; fileRef = 26836793182F2BA4000587A3 /* MainViewController.xib */; };
		26836799182F3359000587A3 /* GameViewController.m in Sources */ = {isa = PBXBuildFile; fileRef = 26836797182F3359000587A3 /* GameViewController.m */; };
		2683679E182F346F000587A3 /* CreditsViewController.m in Sources */ = {isa = PBXBuildFile; fileRef = 2683679C182F346F000587A3 /* CreditsViewController.m */; };
		2683679F182F346F000587A3 /* CreditsViewController.xib in Resources */ = {isa = PBXBuildFile; fileRef = 2683679D182F346F000587A3 /* CreditsViewController.xib */; };
		268367A2182F3C81000587A3 /* Question.m in Sources */ = {isa = PBXBuildFile; fileRef = 268367A1182F3C81000587A3 /* Question.m */; };
		268367A5182F3D1A000587A3 /* Answer.m in Sources */ = {isa = PBXBuildFile; fileRef = 268367A4182F3D1A000587A3 /* Answer.m */; };
		268367A8182F3F7F000587A3 /* DataSource.m in Sources */ = {isa = PBXBuildFile; fileRef = 268367A7182F3F7F000587A3 /* DataSource.m */; };
		268367AA182F5CBC000587A3 /* GameViewController.xib in Resources */ = {isa = PBXBuildFile; fileRef = 268367A9182F5CBC000587A3 /* GameViewController.xib */; };
		268367B1182F7DFF000587A3 /* ShowResultViewController.m in Sources */ = {isa = PBXBuildFile; fileRef = 268367AF182F7DFF000587A3 /* ShowResultViewController.m */; };
		268367B2182F7DFF000587A3 /* ShowResultViewController.xib in Resources */ = {isa = PBXBuildFile; fileRef = 268367B0182F7DFF000587A3 /* ShowResultViewController.xib */; };
		268367B5182F9CC2000587A3 /* HighScore.m in Sources */ = {isa = PBXBuildFile; fileRef = 268367B4182F9CC2000587A3 /* HighScore.m */; };
		268367B8182F9F99000587A3 /* Score.m in Sources */ = {isa = PBXBuildFile; fileRef = 268367B7182F9F99000587A3 /* Score.m */; };
		268367BA182FB1A2000587A3 /* Music.mp3 in Resources */ = {isa = PBXBuildFile; fileRef = 268367B9182FB1A2000587A3 /* Music.mp3 */; };
		268367BC182FB485000587A3 /* Error.mp3 in Resources */ = {isa = PBXBuildFile; fileRef = 268367BB182FB485000587A3 /* Error.mp3 */; };
		268367BE182FB657000587A3 /* Right.mp3 in Resources */ = {isa = PBXBuildFile; fileRef = 268367BD182FB657000587A3 /* Right.mp3 */; };
		268367C1182FB886000587A3 /* GameMusic.m in Sources */ = {isa = PBXBuildFile; fileRef = 268367C0182FB886000587A3 /* GameMusic.m */; };
/* End PBXBuildFile section */

/* Begin PBXContainerItemProxy section */
		2683677C182F20A3000587A3 /* PBXContainerItemProxy */ = {
			isa = PBXContainerItemProxy;
			containerPortal = 26836754182F20A2000587A3 /* Project object */;
			proxyType = 1;
			remoteGlobalIDString = 2683675B182F20A3000587A3;
			remoteInfo = QuizObjectiveC;
		};
/* End PBXContainerItemProxy section */

/* Begin PBXFileReference section */
		2683675C182F20A3000587A3 /* QuizObjectiveC.app */ = {isa = PBXFileReference; explicitFileType = wrapper.application; includeInIndex = 0; path = QuizObjectiveC.app; sourceTree = BUILT_PRODUCTS_DIR; };
		2683675F182F20A3000587A3 /* Foundation.framework */ = {isa = PBXFileReference; lastKnownFileType = wrapper.framework; name = Foundation.framework; path = System/Library/Frameworks/Foundation.framework; sourceTree = SDKROOT; };
		26836761182F20A3000587A3 /* CoreGraphics.framework */ = {isa = PBXFileReference; lastKnownFileType = wrapper.framework; name = CoreGraphics.framework; path = System/Library/Frameworks/CoreGraphics.framework; sourceTree = SDKROOT; };
		26836763182F20A3000587A3 /* UIKit.framework */ = {isa = PBXFileReference; lastKnownFileType = wrapper.framework; name = UIKit.framework; path = System/Library/Frameworks/UIKit.framework; sourceTree = SDKROOT; };
		26836767182F20A3000587A3 /* QuizObjectiveC-Info.plist */ = {isa = PBXFileReference; lastKnownFileType = text.plist.xml; path = "QuizObjectiveC-Info.plist"; sourceTree = "<group>"; };
		26836769182F20A3000587A3 /* en */ = {isa = PBXFileReference; lastKnownFileType = text.plist.strings; name = en; path = en.lproj/InfoPlist.strings; sourceTree = "<group>"; };
		2683676B182F20A3000587A3 /* main.m */ = {isa = PBXFileReference; lastKnownFileType = sourcecode.c.objc; path = main.m; sourceTree = "<group>"; };
		2683676D182F20A3000587A3 /* QuizObjectiveC-Prefix.pch */ = {isa = PBXFileReference; lastKnownFileType = sourcecode.c.h; path = "QuizObjectiveC-Prefix.pch"; sourceTree = "<group>"; };
		2683676E182F20A3000587A3 /* AppDelegate.h */ = {isa = PBXFileReference; lastKnownFileType = sourcecode.c.h; path = AppDelegate.h; sourceTree = "<group>"; };
		2683676F182F20A3000587A3 /* AppDelegate.m */ = {isa = PBXFileReference; lastKnownFileType = sourcecode.c.objc; path = AppDelegate.m; sourceTree = "<group>"; };
		26836771182F20A3000587A3 /* Images.xcassets */ = {isa = PBXFileReference; lastKnownFileType = folder.assetcatalog; path = Images.xcassets; sourceTree = "<group>"; };
		26836777182F20A3000587A3 /* QuizObjectiveCTests.xctest */ = {isa = PBXFileReference; explicitFileType = wrapper.cfbundle; includeInIndex = 0; path = QuizObjectiveCTests.xctest; sourceTree = BUILT_PRODUCTS_DIR; };
		26836778182F20A3000587A3 /* XCTest.framework */ = {isa = PBXFileReference; lastKnownFileType = wrapper.framework; name = XCTest.framework; path = Library/Frameworks/XCTest.framework; sourceTree = DEVELOPER_DIR; };
		26836780182F20A3000587A3 /* QuizObjectiveCTests-Info.plist */ = {isa = PBXFileReference; lastKnownFileType = text.plist.xml; path = "QuizObjectiveCTests-Info.plist"; sourceTree = "<group>"; };
		26836782182F20A3000587A3 /* en */ = {isa = PBXFileReference; lastKnownFileType = text.plist.strings; name = en; path = en.lproj/InfoPlist.strings; sourceTree = "<group>"; };
		26836784182F20A3000587A3 /* QuizObjectiveCTests.m */ = {isa = PBXFileReference; lastKnownFileType = sourcecode.c.objc; path = QuizObjectiveCTests.m; sourceTree = "<group>"; };
		26836791182F2BA4000587A3 /* MainViewController.h */ = {isa = PBXFileReference; fileEncoding = 4; lastKnownFileType = sourcecode.c.h; path = MainViewController.h; sourceTree = "<group>"; };
		26836792182F2BA4000587A3 /* MainViewController.m */ = {isa = PBXFileReference; fileEncoding = 4; lastKnownFileType = sourcecode.c.objc; path = MainViewController.m; sourceTree = "<group>"; };
		26836793182F2BA4000587A3 /* MainViewController.xib */ = {isa = PBXFileReference; fileEncoding = 4; lastKnownFileType = file.xib; path = MainViewController.xib; sourceTree = "<group>"; };
		26836796182F3359000587A3 /* GameViewController.h */ = {isa = PBXFileReference; fileEncoding = 4; lastKnownFileType = sourcecode.c.h; path = GameViewController.h; sourceTree = "<group>"; };
		26836797182F3359000587A3 /* GameViewController.m */ = {isa = PBXFileReference; fileEncoding = 4; lastKnownFileType = sourcecode.c.objc; path = GameViewController.m; sourceTree = "<group>"; };
		2683679B182F346F000587A3 /* CreditsViewController.h */ = {isa = PBXFileReference; fileEncoding = 4; lastKnownFileType = sourcecode.c.h; path = CreditsViewController.h; sourceTree = "<group>"; };
		2683679C182F346F000587A3 /* CreditsViewController.m */ = {isa = PBXFileReference; fileEncoding = 4; lastKnownFileType = sourcecode.c.objc; path = CreditsViewController.m; sourceTree = "<group>"; };
		2683679D182F346F000587A3 /* CreditsViewController.xib */ = {isa = PBXFileReference; fileEncoding = 4; lastKnownFileType = file.xib; path = CreditsViewController.xib; sourceTree = "<group>"; };
		268367A0182F3C81000587A3 /* Question.h */ = {isa = PBXFileReference; fileEncoding = 4; lastKnownFileType = sourcecode.c.h; path = Question.h; sourceTree = "<group>"; };
		268367A1182F3C81000587A3 /* Question.m */ = {isa = PBXFileReference; fileEncoding = 4; lastKnownFileType = sourcecode.c.objc; path = Question.m; sourceTree = "<group>"; };
		268367A3182F3D1A000587A3 /* Answer.h */ = {isa = PBXFileReference; fileEncoding = 4; lastKnownFileType = sourcecode.c.h; path = Answer.h; sourceTree = "<group>"; };
		268367A4182F3D1A000587A3 /* Answer.m */ = {isa = PBXFileReference; fileEncoding = 4; lastKnownFileType = sourcecode.c.objc; path = Answer.m; sourceTree = "<group>"; };
		268367A6182F3F7F000587A3 /* DataSource.h */ = {isa = PBXFileReference; fileEncoding = 4; lastKnownFileType = sourcecode.c.h; path = DataSource.h; sourceTree = "<group>"; };
		268367A7182F3F7F000587A3 /* DataSource.m */ = {isa = PBXFileReference; fileEncoding = 4; lastKnownFileType = sourcecode.c.objc; path = DataSource.m; sourceTree = "<group>"; };
		268367A9182F5CBC000587A3 /* GameViewController.xib */ = {isa = PBXFileReference; fileEncoding = 4; lastKnownFileType = file.xib; path = GameViewController.xib; sourceTree = "<group>"; };
		268367AE182F7DFF000587A3 /* ShowResultViewController.h */ = {isa = PBXFileReference; fileEncoding = 4; lastKnownFileType = sourcecode.c.h; path = ShowResultViewController.h; sourceTree = "<group>"; };
		268367AF182F7DFF000587A3 /* ShowResultViewController.m */ = {isa = PBXFileReference; fileEncoding = 4; lastKnownFileType = sourcecode.c.objc; path = ShowResultViewController.m; sourceTree = "<group>"; };
		268367B0182F7DFF000587A3 /* ShowResultViewController.xib */ = {isa = PBXFileReference; fileEncoding = 4; lastKnownFileType = file.xib; path = ShowResultViewController.xib; sourceTree = "<group>"; };
		268367B3182F9CC2000587A3 /* HighScore.h */ = {isa = PBXFileReference; fileEncoding = 4; lastKnownFileType = sourcecode.c.h; path = HighScore.h; sourceTree = "<group>"; };
		268367B4182F9CC2000587A3 /* HighScore.m */ = {isa = PBXFileReference; fileEncoding = 4; lastKnownFileType = sourcecode.c.objc; path = HighScore.m; sourceTree = "<group>"; };
		268367B6182F9F99000587A3 /* Score.h */ = {isa = PBXFileReference; fileEncoding = 4; lastKnownFileType = sourcecode.c.h; path = Score.h; sourceTree = "<group>"; };
		268367B7182F9F99000587A3 /* Score.m */ = {isa = PBXFileReference; fileEncoding = 4; lastKnownFileType = sourcecode.c.objc; path = Score.m; sourceTree = "<group>"; };
		268367B9182FB1A2000587A3 /* Music.mp3 */ = {isa = PBXFileReference; lastKnownFileType = audio.mp3; path = Music.mp3; sourceTree = "<group>"; };
		268367BB182FB485000587A3 /* Error.mp3 */ = {isa = PBXFileReference; lastKnownFileType = audio.mp3; path = Error.mp3; sourceTree = "<group>"; };
		268367BD182FB657000587A3 /* Right.mp3 */ = {isa = PBXFileReference; lastKnownFileType = audio.mp3; path = Right.mp3; sourceTree = "<group>"; };
		268367BF182FB886000587A3 /* GameMusic.h */ = {isa = PBXFileReference; fileEncoding = 4; lastKnownFileType = sourcecode.c.h; path = GameMusic.h; sourceTree = "<group>"; };
		268367C0182FB886000587A3 /* GameMusic.m */ = {isa = PBXFileReference; fileEncoding = 4; lastKnownFileType = sourcecode.c.objc; path = GameMusic.m; sourceTree = "<group>"; };
/* End PBXFileReference section */

/* Begin PBXFrameworksBuildPhase section */
		26836759182F20A3000587A3 /* Frameworks */ = {
			isa = PBXFrameworksBuildPhase;
			buildActionMask = 2147483647;
			files = (
				26836762182F20A3000587A3 /* CoreGraphics.framework in Frameworks */,
				26836764182F20A3000587A3 /* UIKit.framework in Frameworks */,
				26836760182F20A3000587A3 /* Foundation.framework in Frameworks */,
			);
			runOnlyForDeploymentPostprocessing = 0;
		};
		26836774182F20A3000587A3 /* Frameworks */ = {
			isa = PBXFrameworksBuildPhase;
			buildActionMask = 2147483647;
			files = (
				26836779182F20A3000587A3 /* XCTest.framework in Frameworks */,
				2683677B182F20A3000587A3 /* UIKit.framework in Frameworks */,
				2683677A182F20A3000587A3 /* Foundation.framework in Frameworks */,
			);
			runOnlyForDeploymentPostprocessing = 0;
		};
/* End PBXFrameworksBuildPhase section */

/* Begin PBXGroup section */
		26836753182F20A2000587A3 = {
			isa = PBXGroup;
			children = (
				26836765182F20A3000587A3 /* QuizObjectiveC */,
				2683677E182F20A3000587A3 /* QuizObjectiveCTests */,
				2683675E182F20A3000587A3 /* Frameworks */,
				2683675D182F20A3000587A3 /* Products */,
			);
			sourceTree = "<group>";
		};
		2683675D182F20A3000587A3 /* Products */ = {
			isa = PBXGroup;
			children = (
				2683675C182F20A3000587A3 /* QuizObjectiveC.app */,
				26836777182F20A3000587A3 /* QuizObjectiveCTests.xctest */,
			);
			name = Products;
			sourceTree = "<group>";
		};
		2683675E182F20A3000587A3 /* Frameworks */ = {
			isa = PBXGroup;
			children = (
				2683675F182F20A3000587A3 /* Foundation.framework */,
				26836761182F20A3000587A3 /* CoreGraphics.framework */,
				26836763182F20A3000587A3 /* UIKit.framework */,
				26836778182F20A3000587A3 /* XCTest.framework */,
			);
			name = Frameworks;
			sourceTree = "<group>";
		};
		26836765182F20A3000587A3 /* QuizObjectiveC */ = {
			isa = PBXGroup;
			children = (
				268367BD182FB657000587A3 /* Right.mp3 */,
				268367BB182FB485000587A3 /* Error.mp3 */,
				268367B9182FB1A2000587A3 /* Music.mp3 */,
				26836790182F2B4E000587A3 /* Controller */,
				2683678F182F2B48000587A3 /* View */,
				2683678E182F2B41000587A3 /* Model */,
				2683676E182F20A3000587A3 /* AppDelegate.h */,
				2683676F182F20A3000587A3 /* AppDelegate.m */,
				26836771182F20A3000587A3 /* Images.xcassets */,
				26836766182F20A3000587A3 /* Supporting Files */,
			);
			path = QuizObjectiveC;
			sourceTree = "<group>";
		};
		26836766182F20A3000587A3 /* Supporting Files */ = {
			isa = PBXGroup;
			children = (
				26836767182F20A3000587A3 /* QuizObjectiveC-Info.plist */,
				26836768182F20A3000587A3 /* InfoPlist.strings */,
				2683676B182F20A3000587A3 /* main.m */,
				2683676D182F20A3000587A3 /* QuizObjectiveC-Prefix.pch */,
			);
			name = "Supporting Files";
			sourceTree = "<group>";
		};
		2683677E182F20A3000587A3 /* QuizObjectiveCTests */ = {
			isa = PBXGroup;
			children = (
				26836784182F20A3000587A3 /* QuizObjectiveCTests.m */,
				2683677F182F20A3000587A3 /* Supporting Files */,
			);
			path = QuizObjectiveCTests;
			sourceTree = "<group>";
		};
		2683677F182F20A3000587A3 /* Supporting Files */ = {
			isa = PBXGroup;
			children = (
				26836780182F20A3000587A3 /* QuizObjectiveCTests-Info.plist */,
				26836781182F20A3000587A3 /* InfoPlist.strings */,
			);
			name = "Supporting Files";
			sourceTree = "<group>";
		};
		2683678E182F2B41000587A3 /* Model */ = {
			isa = PBXGroup;
			children = (
				268367A0182F3C81000587A3 /* Question.h */,
				268367A1182F3C81000587A3 /* Question.m */,
				268367A3182F3D1A000587A3 /* Answer.h */,
				268367A4182F3D1A000587A3 /* Answer.m */,
				268367A6182F3F7F000587A3 /* DataSource.h */,
				268367A7182F3F7F000587A3 /* DataSource.m */,
				268367B3182F9CC2000587A3 /* HighScore.h */,
				268367B4182F9CC2000587A3 /* HighScore.m */,
				268367B6182F9F99000587A3 /* Score.h */,
				268367B7182F9F99000587A3 /* Score.m */,
				268367BF182FB886000587A3 /* GameMusic.h */,
				268367C0182FB886000587A3 /* GameMusic.m */,
			);
			name = Model;
			sourceTree = "<group>";
		};
		2683678F182F2B48000587A3 /* View */ = {
			isa = PBXGroup;
			children = (
				268367B0182F7DFF000587A3 /* ShowResultViewController.xib */,
				268367A9182F5CBC000587A3 /* GameViewController.xib */,
				2683679D182F346F000587A3 /* CreditsViewController.xib */,
				26836793182F2BA4000587A3 /* MainViewController.xib */,
			);
			name = View;
			sourceTree = "<group>";
		};
		26836790182F2B4E000587A3 /* Controller */ = {
			isa = PBXGroup;
			children = (
				2683679B182F346F000587A3 /* CreditsViewController.h */,
				2683679C182F346F000587A3 /* CreditsViewController.m */,
				26836796182F3359000587A3 /* GameViewController.h */,
				26836797182F3359000587A3 /* GameViewController.m */,
				26836791182F2BA4000587A3 /* MainViewController.h */,
				26836792182F2BA4000587A3 /* MainViewController.m */,
				268367AE182F7DFF000587A3 /* ShowResultViewController.h */,
				268367AF182F7DFF000587A3 /* ShowResultViewController.m */,
			);
			name = Controller;
			sourceTree = "<group>";
		};
/* End PBXGroup section */

/* Begin PBXNativeTarget section */
		2683675B182F20A3000587A3 /* QuizObjectiveC */ = {
			isa = PBXNativeTarget;
			buildConfigurationList = 26836788182F20A3000587A3 /* Build configuration list for PBXNativeTarget "QuizObjectiveC" */;
			buildPhases = (
				26836758182F20A3000587A3 /* Sources */,
				26836759182F20A3000587A3 /* Frameworks */,
				2683675A182F20A3000587A3 /* Resources */,
			);
			buildRules = (
			);
			dependencies = (
			);
			name = QuizObjectiveC;
			productName = QuizObjectiveC;
			productReference = 2683675C182F20A3000587A3 /* QuizObjectiveC.app */;
			productType = "com.apple.product-type.application";
		};
		26836776182F20A3000587A3 /* QuizObjectiveCTests */ = {
			isa = PBXNativeTarget;
			buildConfigurationList = 2683678B182F20A3000587A3 /* Build configuration list for PBXNativeTarget "QuizObjectiveCTests" */;
			buildPhases = (
				26836773182F20A3000587A3 /* Sources */,
				26836774182F20A3000587A3 /* Frameworks */,
				26836775182F20A3000587A3 /* Resources */,
			);
			buildRules = (
			);
			dependencies = (
				2683677D182F20A3000587A3 /* PBXTargetDependency */,
			);
			name = QuizObjectiveCTests;
			productName = QuizObjectiveCTests;
			productReference = 26836777182F20A3000587A3 /* QuizObjectiveCTests.xctest */;
			productType = "com.apple.product-type.bundle.unit-test";
		};
/* End PBXNativeTarget section */

/* Begin PBXProject section */
		26836754182F20A2000587A3 /* Project object */ = {
			isa = PBXProject;
			attributes = {
				LastUpgradeCheck = 0500;
				ORGANIZATIONNAME = "Rafagan Abreu";
				TargetAttributes = {
					2683675B182F20A3000587A3 = {
						DevelopmentTeam = L37UM6687Y;
					};
					26836776182F20A3000587A3 = {
						TestTargetID = 2683675B182F20A3000587A3;
					};
				};
			};
			buildConfigurationList = 26836757182F20A2000587A3 /* Build configuration list for PBXProject "QuizObjectiveC" */;
			compatibilityVersion = "Xcode 3.2";
			developmentRegion = English;
			hasScannedForEncodings = 0;
			knownRegions = (
				en,
			);
			mainGroup = 26836753182F20A2000587A3;
			productRefGroup = 2683675D182F20A3000587A3 /* Products */;
			projectDirPath = "";
			projectRoot = "";
			targets = (
				2683675B182F20A3000587A3 /* QuizObjectiveC */,
				26836776182F20A3000587A3 /* QuizObjectiveCTests */,
			);
		};
/* End PBXProject section */

/* Begin PBXResourcesBuildPhase section */
		2683675A182F20A3000587A3 /* Resources */ = {
			isa = PBXResourcesBuildPhase;
			buildActionMask = 2147483647;
			files = (
				2683679F182F346F000587A3 /* CreditsViewController.xib in Resources */,
				268367BC182FB485000587A3 /* Error.mp3 in Resources */,
				268367BA182FB1A2000587A3 /* Music.mp3 in Resources */,
				2683676A182F20A3000587A3 /* InfoPlist.strings in Resources */,
				268367B2182F7DFF000587A3 /* ShowResultViewController.xib in Resources */,
				26836795182F2BA4000587A3 /* MainViewController.xib in Resources */,
				26836772182F20A3000587A3 /* Images.xcassets in Resources */,
				268367AA182F5CBC000587A3 /* GameViewController.xib in Resources */,
				268367BE182FB657000587A3 /* Right.mp3 in Resources */,
			);
			runOnlyForDeploymentPostprocessing = 0;
		};
		26836775182F20A3000587A3 /* Resources */ = {
			isa = PBXResourcesBuildPhase;
			buildActionMask = 2147483647;
			files = (
				26836783182F20A3000587A3 /* InfoPlist.strings in Resources */,
			);
			runOnlyForDeploymentPostprocessing = 0;
		};
/* End PBXResourcesBuildPhase section */

/* Begin PBXSourcesBuildPhase section */
		26836758182F20A3000587A3 /* Sources */ = {
			isa = PBXSourcesBuildPhase;
			buildActionMask = 2147483647;
			files = (
				26836799182F3359000587A3 /* GameViewController.m in Sources */,
				268367C1182FB886000587A3 /* GameMusic.m in Sources */,
				268367B1182F7DFF000587A3 /* ShowResultViewController.m in Sources */,
				268367B5182F9CC2000587A3 /* HighScore.m in Sources */,
				268367A5182F3D1A000587A3 /* Answer.m in Sources */,
				268367B8182F9F99000587A3 /* Score.m in Sources */,
				268367A8182F3F7F000587A3 /* DataSource.m in Sources */,
				2683679E182F346F000587A3 /* CreditsViewController.m in Sources */,
				26836770182F20A3000587A3 /* AppDelegate.m in Sources */,
				268367A2182F3C81000587A3 /* Question.m in Sources */,
				26836794182F2BA4000587A3 /* MainViewController.m in Sources */,
				2683676C182F20A3000587A3 /* main.m in Sources */,
			);
			runOnlyForDeploymentPostprocessing = 0;
		};
		26836773182F20A3000587A3 /* Sources */ = {
			isa = PBXSourcesBuildPhase;
			buildActionMask = 2147483647;
			files = (
				26836785182F20A3000587A3 /* QuizObjectiveCTests.m in Sources */,
			);
			runOnlyForDeploymentPostprocessing = 0;
		};
/* End PBXSourcesBuildPhase section */

/* Begin PBXTargetDependency section */
		2683677D182F20A3000587A3 /* PBXTargetDependency */ = {
			isa = PBXTargetDependency;
			target = 2683675B182F20A3000587A3 /* QuizObjectiveC */;
			targetProxy = 2683677C182F20A3000587A3 /* PBXContainerItemProxy */;
		};
/* End PBXTargetDependency section */

/* Begin PBXVariantGroup section */
		26836768182F20A3000587A3 /* InfoPlist.strings */ = {
			isa = PBXVariantGroup;
			children = (
				26836769182F20A3000587A3 /* en */,
			);
			name = InfoPlist.strings;
			sourceTree = "<group>";
		};
		26836781182F20A3000587A3 /* InfoPlist.strings */ = {
			isa = PBXVariantGroup;
			children = (
				26836782182F20A3000587A3 /* en */,
			);
			name = InfoPlist.strings;
			sourceTree = "<group>";
		};
/* End PBXVariantGroup section */

/* Begin XCBuildConfiguration section */
		26836786182F20A3000587A3 /* Debug */ = {
			isa = XCBuildConfiguration;
			buildSettings = {
				ALWAYS_SEARCH_USER_PATHS = NO;
				ARCHS = "$(ARCHS_STANDARD_INCLUDING_64_BIT)";
				CLANG_CXX_LANGUAGE_STANDARD = "gnu++0x";
				CLANG_CXX_LIBRARY = "libc++";
				CLANG_ENABLE_MODULES = YES;
				CLANG_ENABLE_OBJC_ARC = YES;
				CLANG_WARN_BOOL_CONVERSION = YES;
				CLANG_WARN_CONSTANT_CONVERSION = YES;
				CLANG_WARN_DIRECT_OBJC_ISA_USAGE = YES_ERROR;
				CLANG_WARN_EMPTY_BODY = YES;
				CLANG_WARN_ENUM_CONVERSION = YES;
				CLANG_WARN_INT_CONVERSION = YES;
				CLANG_WARN_OBJC_ROOT_CLASS = YES_ERROR;
				CLANG_WARN__DUPLICATE_METHOD_MATCH = YES;
				"CODE_SIGN_IDENTITY[sdk=iphoneos*]" = "iPhone Developer";
				COPY_PHASE_STRIP = NO;
				GCC_C_LANGUAGE_STANDARD = gnu99;
				GCC_DYNAMIC_NO_PIC = NO;
				GCC_OPTIMIZATION_LEVEL = 0;
				GCC_PREPROCESSOR_DEFINITIONS = (
					"DEBUG=1",
					"$(inherited)",
				);
				GCC_SYMBOLS_PRIVATE_EXTERN = NO;
				GCC_WARN_64_TO_32_BIT_CONVERSION = YES;
				GCC_WARN_ABOUT_RETURN_TYPE = YES_ERROR;
				GCC_WARN_UNDECLARED_SELECTOR = YES;
				GCC_WARN_UNINITIALIZED_AUTOS = YES;
				GCC_WARN_UNUSED_FUNCTION = YES;
				GCC_WARN_UNUSED_VARIABLE = YES;
				IPHONEOS_DEPLOYMENT_TARGET = 7.0;
				ONLY_ACTIVE_ARCH = YES;
				SDKROOT = iphoneos;
			};
			name = Debug;
		};
		26836787182F20A3000587A3 /* Release */ = {
			isa = XCBuildConfiguration;
			buildSettings = {
				ALWAYS_SEARCH_USER_PATHS = NO;
				ARCHS = "$(ARCHS_STANDARD_INCLUDING_64_BIT)";
				CLANG_CXX_LANGUAGE_STANDARD = "gnu++0x";
				CLANG_CXX_LIBRARY = "libc++";
				CLANG_ENABLE_MODULES = YES;
				CLANG_ENABLE_OBJC_ARC = YES;
				CLANG_WARN_BOOL_CONVERSION = YES;
				CLANG_WARN_CONSTANT_CONVERSION = YES;
				CLANG_WARN_DIRECT_OBJC_ISA_USAGE = YES_ERROR;
				CLANG_WARN_EMPTY_BODY = YES;
				CLANG_WARN_ENUM_CONVERSION = YES;
				CLANG_WARN_INT_CONVERSION = YES;
				CLANG_WARN_OBJC_ROOT_CLASS = YES_ERROR;
				CLANG_WARN__DUPLICATE_METHOD_MATCH = YES;
				"CODE_SIGN_IDENTITY[sdk=iphoneos*]" = "iPhone Developer";
				COPY_PHASE_STRIP = YES;
				ENABLE_NS_ASSERTIONS = NO;
				GCC_C_LANGUAGE_STANDARD = gnu99;
				GCC_WARN_64_TO_32_BIT_CONVERSION = YES;
				GCC_WARN_ABOUT_RETURN_TYPE = YES_ERROR;
				GCC_WARN_UNDECLARED_SELECTOR = YES;
				GCC_WARN_UNINITIALIZED_AUTOS = YES;
				GCC_WARN_UNUSED_FUNCTION = YES;
				GCC_WARN_UNUSED_VARIABLE = YES;
				IPHONEOS_DEPLOYMENT_TARGET = 7.0;
				SDKROOT = iphoneos;
				VALIDATE_PRODUCT = YES;
			};
			name = Release;
		};
		26836789182F20A3000587A3 /* Debug */ = {
			isa = XCBuildConfiguration;
			buildSettings = {
				ASSETCATALOG_COMPILER_APPICON_NAME = AppIcon;
				ASSETCATALOG_COMPILER_LAUNCHIMAGE_NAME = LaunchImage;
				CODE_SIGN_IDENTITY = "iPhone Developer";
				"CODE_SIGN_IDENTITY[sdk=iphoneos*]" = "iPhone Developer";
				GCC_PRECOMPILE_PREFIX_HEADER = YES;
				GCC_PREFIX_HEADER = "QuizObjectiveC/QuizObjectiveC-Prefix.pch";
				INFOPLIST_FILE = "QuizObjectiveC/QuizObjectiveC-Info.plist";
				PRODUCT_NAME = "$(TARGET_NAME)";
				PROVISIONING_PROFILE = "";
				TARGETED_DEVICE_FAMILY = 1;
				WRAPPER_EXTENSION = app;
			};
			name = Debug;
		};
		2683678A182F20A3000587A3 /* Release */ = {
			isa = XCBuildConfiguration;
			buildSettings = {
				ASSETCATALOG_COMPILER_APPICON_NAME = AppIcon;
				ASSETCATALOG_COMPILER_LAUNCHIMAGE_NAME = LaunchImage;
				CODE_SIGN_IDENTITY = "iPhone Developer";
				"CODE_SIGN_IDENTITY[sdk=iphoneos*]" = "iPhone Developer";
				GCC_PRECOMPILE_PREFIX_HEADER = YES;
				GCC_PREFIX_HEADER = "QuizObjectiveC/QuizObjectiveC-Prefix.pch";
				INFOPLIST_FILE = "QuizObjectiveC/QuizObjectiveC-Info.plist";
				PRODUCT_NAME = "$(TARGET_NAME)";
				PROVISIONING_PROFILE = "";
				TARGETED_DEVICE_FAMILY = 1;
				WRAPPER_EXTENSION = app;
			};
			name = Release;
		};
		2683678C182F20A3000587A3 /* Debug */ = {
			isa = XCBuildConfiguration;
			buildSettings = {
				ARCHS = "$(ARCHS_STANDARD_INCLUDING_64_BIT)";
				BUNDLE_LOADER = "$(BUILT_PRODUCTS_DIR)/QuizObjectiveC.app/QuizObjectiveC";
				FRAMEWORK_SEARCH_PATHS = (
					"$(SDKROOT)/Developer/Library/Frameworks",
					"$(inherited)",
					"$(DEVELOPER_FRAMEWORKS_DIR)",
				);
				GCC_PRECOMPILE_PREFIX_HEADER = YES;
				GCC_PREFIX_HEADER = "QuizObjectiveC/QuizObjectiveC-Prefix.pch";
				GCC_PREPROCESSOR_DEFINITIONS = (
					"DEBUG=1",
					"$(inherited)",
				);
				INFOPLIST_FILE = "QuizObjectiveCTests/QuizObjectiveCTests-Info.plist";
				PRODUCT_NAME = "$(TARGET_NAME)";
				TEST_HOST = "$(BUNDLE_LOADER)";
				WRAPPER_EXTENSION = xctest;
			};
			name = Debug;
		};
		2683678D182F20A3000587A3 /* Release */ = {
			isa = XCBuildConfiguration;
			buildSettings = {
				ARCHS = "$(ARCHS_STANDARD_INCLUDING_64_BIT)";
				BUNDLE_LOADER = "$(BUILT_PRODUCTS_DIR)/QuizObjectiveC.app/QuizObjectiveC";
				FRAMEWORK_SEARCH_PATHS = (
					"$(SDKROOT)/Developer/Library/Frameworks",
					"$(inherited)",
					"$(DEVELOPER_FRAMEWORKS_DIR)",
				);
				GCC_PRECOMPILE_PREFIX_HEADER = YES;
				GCC_PREFIX_HEADER = "QuizObjectiveC/QuizObjectiveC-Prefix.pch";
				INFOPLIST_FILE = "QuizObjectiveCTests/QuizObjectiveCTests-Info.plist";
				PRODUCT_NAME = "$(TARGET_NAME)";
				TEST_HOST = "$(BUNDLE_LOADER)";
				WRAPPER_EXTENSION = xctest;
			};
			name = Release;
		};
/* End XCBuildConfiguration section */

/* Begin XCConfigurationList section */
		26836757182F20A2000587A3 /* Build configuration list for PBXProject "QuizObjectiveC" */ = {
			isa = XCConfigurationList;
			buildConfigurations = (
				26836786182F20A3000587A3 /* Debug */,
				26836787182F20A3000587A3 /* Release */,
			);
			defaultConfigurationIsVisible = 0;
			defaultConfigurationName = Release;
		};
		26836788182F20A3000587A3 /* Build configuration list for PBXNativeTarget "QuizObjectiveC" */ = {
			isa = XCConfigurationList;
			buildConfigurations = (
				26836789182F20A3000587A3 /* Debug */,
				2683678A182F20A3000587A3 /* Release */,
			);
			defaultConfigurationIsVisible = 0;
			defaultConfigurationName = Release;
		};
		2683678B182F20A3000587A3 /* Build configuration list for PBXNativeTarget "QuizObjectiveCTests" */ = {
			isa = XCConfigurationList;
			buildConfigurations = (
				2683678C182F20A3000587A3 /* Debug */,
				2683678D182F20A3000587A3 /* Release */,
			);
			defaultConfigurationIsVisible = 0;
			defaultConfigurationName = Release;
		};
/* End XCConfigurationList section */
	};
	rootObject = 26836754182F20A2000587A3 /* Project object */;
}
